// !$*UTF8*$!
{
	archiveVersion = 1;
	classes = {
	};
	objectVersion = 50;
	objects = {

/* Begin PBXBuildFile section */
		9C3950C423B6957000595DAC /* ScaleResourceView.swift in Sources */ = {isa = PBXBuildFile; fileRef = 9C3950C323B6957000595DAC /* ScaleResourceView.swift */; };
		9C3950C623B6958300595DAC /* RootTabView.swift in Sources */ = {isa = PBXBuildFile; fileRef = 9C3950C523B6958300595DAC /* RootTabView.swift */; };
		9C3950C823B695F500595DAC /* AdvancedScalePracticeView.swift in Sources */ = {isa = PBXBuildFile; fileRef = 9C3950C723B695F500595DAC /* AdvancedScalePracticeView.swift */; };
		9C3950CA23B6960D00595DAC /* SettingsView.swift in Sources */ = {isa = PBXBuildFile; fileRef = 9C3950C923B6960D00595DAC /* SettingsView.swift */; };
		9C3950CC23B69F7600595DAC /* RandomArpeggioView.swift in Sources */ = {isa = PBXBuildFile; fileRef = 9C3950CB23B69F7600595DAC /* RandomArpeggioView.swift */; };
		9C3B5D3E23D0241300C1B247 /* ScaleResourceModel.swift in Sources */ = {isa = PBXBuildFile; fileRef = 9C3B5D3D23D0241300C1B247 /* ScaleResourceModel.swift */; };
		9C6430C123D4F2070048748A /* AdvancedArpeggioPracticeView.swift in Sources */ = {isa = PBXBuildFile; fileRef = 9C6430C023D4F2070048748A /* AdvancedArpeggioPracticeView.swift */; };
		9C6430C323D4FFF10048748A /* ArpeggioResourceView.swift in Sources */ = {isa = PBXBuildFile; fileRef = 9C6430C223D4FFF10048748A /* ArpeggioResourceView.swift */; };
		9C651AC523D4331A00EF78ED /* Localizable.strings in Resources */ = {isa = PBXBuildFile; fileRef = 9C651AC723D4331A00EF78ED /* Localizable.strings */; };
		9C9FC1FD23D5173300493D37 /* ContentView.swift in Sources */ = {isa = PBXBuildFile; fileRef = 9C9FC1FC23D5173300493D37 /* ContentView.swift */; };
		9CB06A9623D0C9C000EB0969 /* ScaleInfoView.swift in Sources */ = {isa = PBXBuildFile; fileRef = 9CB06A9523D0C9C000EB0969 /* ScaleInfoView.swift */; };
		9CD4560723A913D400631DCA /* AppDelegate.swift in Sources */ = {isa = PBXBuildFile; fileRef = 9CD4560623A913D400631DCA /* AppDelegate.swift */; };
		9CD4560923A913D400631DCA /* SceneDelegate.swift in Sources */ = {isa = PBXBuildFile; fileRef = 9CD4560823A913D400631DCA /* SceneDelegate.swift */; };
		9CD4560D23A913DA00631DCA /* Assets.xcassets in Resources */ = {isa = PBXBuildFile; fileRef = 9CD4560C23A913DA00631DCA /* Assets.xcassets */; };
		9CD4561023A913DA00631DCA /* Preview Assets.xcassets in Resources */ = {isa = PBXBuildFile; fileRef = 9CD4560F23A913DA00631DCA /* Preview Assets.xcassets */; };
		9CD4561323A913DA00631DCA /* LaunchScreen.storyboard in Resources */ = {isa = PBXBuildFile; fileRef = 9CD4561123A913DA00631DCA /* LaunchScreen.storyboard */; };
		9CECA71523AEA6EF00CD2CB9 /* ScaleDisplayView.swift in Sources */ = {isa = PBXBuildFile; fileRef = 9CECA71423AEA6EF00CD2CB9 /* ScaleDisplayView.swift */; };
		DD64CA5B252A330E00284B28 /* InfoPlist.strings in Resources */ = {isa = PBXBuildFile; fileRef = DD64CA5D252A330E00284B28 /* InfoPlist.strings */; };
/* End PBXBuildFile section */

/* Begin PBXCopyFilesBuildPhase section */
		DD64CA7D252A3C0B00284B28 /* Embed App Extensions */ = {
			isa = PBXCopyFilesBuildPhase;
			buildActionMask = 2147483647;
			dstPath = "";
			dstSubfolderSpec = 13;
			files = (
			);
			name = "Embed App Extensions";
			runOnlyForDeploymentPostprocessing = 0;
		};
/* End PBXCopyFilesBuildPhase section */

/* Begin PBXFileReference section */
		9C3950C323B6957000595DAC /* ScaleResourceView.swift */ = {isa = PBXFileReference; lastKnownFileType = sourcecode.swift; name = ScaleResourceView.swift; path = ScalePractice/ScaleResources/ScaleResourceView.swift; sourceTree = SOURCE_ROOT; };
		9C3950C523B6958300595DAC /* RootTabView.swift */ = {isa = PBXFileReference; lastKnownFileType = sourcecode.swift; path = RootTabView.swift; sourceTree = "<group>"; };
		9C3950C723B695F500595DAC /* AdvancedScalePracticeView.swift */ = {isa = PBXFileReference; lastKnownFileType = sourcecode.swift; path = AdvancedScalePracticeView.swift; sourceTree = "<group>"; };
		9C3950C923B6960D00595DAC /* SettingsView.swift */ = {isa = PBXFileReference; lastKnownFileType = sourcecode.swift; path = SettingsView.swift; sourceTree = "<group>"; };
		9C3950CB23B69F7600595DAC /* RandomArpeggioView.swift */ = {isa = PBXFileReference; lastKnownFileType = sourcecode.swift; path = RandomArpeggioView.swift; sourceTree = "<group>"; };
		9C3B5D3D23D0241300C1B247 /* ScaleResourceModel.swift */ = {isa = PBXFileReference; lastKnownFileType = sourcecode.swift; path = ScaleResourceModel.swift; sourceTree = "<group>"; };
		9C6430C023D4F2070048748A /* AdvancedArpeggioPracticeView.swift */ = {isa = PBXFileReference; lastKnownFileType = sourcecode.swift; path = AdvancedArpeggioPracticeView.swift; sourceTree = "<group>"; };
		9C6430C223D4FFF10048748A /* ArpeggioResourceView.swift */ = {isa = PBXFileReference; lastKnownFileType = sourcecode.swift; path = ArpeggioResourceView.swift; sourceTree = "<group>"; };
		9C651AC623D4331A00EF78ED /* en */ = {isa = PBXFileReference; lastKnownFileType = text.plist.strings; name = en; path = en.lproj/Localizable.strings; sourceTree = "<group>"; };
		9C651AC823D4333D00EF78ED /* zh-Hans */ = {isa = PBXFileReference; lastKnownFileType = text.plist.strings; name = "zh-Hans"; path = "zh-Hans.lproj/Localizable.strings"; sourceTree = "<group>"; };
		9C74D9D3244E372D00D2AFD9 /* fr */ = {isa = PBXFileReference; lastKnownFileType = text.plist.strings; name = fr; path = fr.lproj/Localizable.strings; sourceTree = "<group>"; };
		9C74D9D4244E3A8600D2AFD9 /* Base */ = {isa = PBXFileReference; lastKnownFileType = file.storyboard; name = Base; path = Base.lproj/LaunchScreen.storyboard; sourceTree = "<group>"; };
		9C9FC1FC23D5173300493D37 /* ContentView.swift */ = {isa = PBXFileReference; lastKnownFileType = sourcecode.swift; path = ContentView.swift; sourceTree = "<group>"; };
		9CB06A9523D0C9C000EB0969 /* ScaleInfoView.swift */ = {isa = PBXFileReference; lastKnownFileType = sourcecode.swift; path = ScaleInfoView.swift; sourceTree = "<group>"; };
		9CD4560323A913D400631DCA /* Scale Practice.app */ = {isa = PBXFileReference; explicitFileType = wrapper.application; includeInIndex = 0; path = "Scale Practice.app"; sourceTree = BUILT_PRODUCTS_DIR; };
		9CD4560623A913D400631DCA /* AppDelegate.swift */ = {isa = PBXFileReference; lastKnownFileType = sourcecode.swift; path = AppDelegate.swift; sourceTree = "<group>"; };
		9CD4560823A913D400631DCA /* SceneDelegate.swift */ = {isa = PBXFileReference; lastKnownFileType = sourcecode.swift; path = SceneDelegate.swift; sourceTree = "<group>"; };
		9CD4560C23A913DA00631DCA /* Assets.xcassets */ = {isa = PBXFileReference; lastKnownFileType = folder.assetcatalog; path = Assets.xcassets; sourceTree = "<group>"; };
		9CD4560F23A913DA00631DCA /* Preview Assets.xcassets */ = {isa = PBXFileReference; lastKnownFileType = folder.assetcatalog; path = "Preview Assets.xcassets"; sourceTree = "<group>"; };
		9CD4561423A913DA00631DCA /* Info.plist */ = {isa = PBXFileReference; lastKnownFileType = text.plist.xml; path = Info.plist; sourceTree = "<group>"; };
		9CECA71423AEA6EF00CD2CB9 /* ScaleDisplayView.swift */ = {isa = PBXFileReference; lastKnownFileType = sourcecode.swift; path = ScaleDisplayView.swift; sourceTree = "<group>"; };
		DD64CA5C252A330E00284B28 /* en */ = {isa = PBXFileReference; lastKnownFileType = text.plist.strings; name = en; path = en.lproj/InfoPlist.strings; sourceTree = "<group>"; };
		DD64CA5F252A331200284B28 /* zh-Hans */ = {isa = PBXFileReference; lastKnownFileType = text.plist.strings; name = "zh-Hans"; path = "zh-Hans.lproj/InfoPlist.strings"; sourceTree = "<group>"; };
		DD64CA60252A331300284B28 /* fr */ = {isa = PBXFileReference; lastKnownFileType = text.plist.strings; name = fr; path = fr.lproj/InfoPlist.strings; sourceTree = "<group>"; };
		DD64CA6C252A3C0600284B28 /* SwiftUI.framework */ = {isa = PBXFileReference; lastKnownFileType = wrapper.framework; name = SwiftUI.framework; path = System/Library/Frameworks/SwiftUI.framework; sourceTree = SDKROOT; };
/* End PBXFileReference section */

/* Begin PBXFrameworksBuildPhase section */
		9CD4560023A913D400631DCA /* Frameworks */ = {
			isa = PBXFrameworksBuildPhase;
			buildActionMask = 2147483647;
			files = (
			);
			runOnlyForDeploymentPostprocessing = 0;
		};
/* End PBXFrameworksBuildPhase section */

/* Begin PBXGroup section */
		9C3950C023B694EF00595DAC /* ScaleResources */ = {
			isa = PBXGroup;
			children = (
				9C3950C323B6957000595DAC /* ScaleResourceView.swift */,
				9C3B5D3D23D0241300C1B247 /* ScaleResourceModel.swift */,
				9CB06A9523D0C9C000EB0969 /* ScaleInfoView.swift */,
				9C6430C223D4FFF10048748A /* ArpeggioResourceView.swift */,
			);
			path = ScaleResources;
			sourceTree = "<group>";
		};
		9C3950C123B6950B00595DAC /* AdvancedScalePractice */ = {
			isa = PBXGroup;
			children = (
				9C3950C723B695F500595DAC /* AdvancedScalePracticeView.swift */,
				9C6430C023D4F2070048748A /* AdvancedArpeggioPracticeView.swift */,
			);
			path = AdvancedScalePractice;
			sourceTree = "<group>";
		};
		9C3950C223B6953400595DAC /* Settings */ = {
			isa = PBXGroup;
			children = (
				9C3950C923B6960D00595DAC /* SettingsView.swift */,
			);
			path = Settings;
			sourceTree = "<group>";
		};
		9CD455FA23A913D400631DCA = {
			isa = PBXGroup;
			children = (
				9C651AC723D4331A00EF78ED /* Localizable.strings */,
				9CD4560523A913D400631DCA /* ScalePractice */,
				DD64CA69252A3C0600284B28 /* Frameworks */,
				9CD4560423A913D400631DCA /* Products */,
			);
			sourceTree = "<group>";
		};
		9CD4560423A913D400631DCA /* Products */ = {
			isa = PBXGroup;
			children = (
				9CD4560323A913D400631DCA /* Scale Practice.app */,
			);
			name = Products;
			sourceTree = "<group>";
		};
		9CD4560523A913D400631DCA /* ScalePractice */ = {
			isa = PBXGroup;
			children = (
				9C3950C523B6958300595DAC /* RootTabView.swift */,
				9C9FC1FC23D5173300493D37 /* ContentView.swift */,
				9C3950C223B6953400595DAC /* Settings */,
				9C3950C123B6950B00595DAC /* AdvancedScalePractice */,
				9C3950C023B694EF00595DAC /* ScaleResources */,
				9CECA71123AEA06400CD2CB9 /* RandomScale */,
				9CD4560C23A913DA00631DCA /* Assets.xcassets */,
				9CD4561123A913DA00631DCA /* LaunchScreen.storyboard */,
				9CD4561423A913DA00631DCA /* Info.plist */,
				DD64CA5D252A330E00284B28 /* InfoPlist.strings */,
				9CD4560623A913D400631DCA /* AppDelegate.swift */,
				9CD4560823A913D400631DCA /* SceneDelegate.swift */,
				9CD4560E23A913DA00631DCA /* Preview Content */,
			);
			path = ScalePractice;
			sourceTree = "<group>";
		};
		9CD4560E23A913DA00631DCA /* Preview Content */ = {
			isa = PBXGroup;
			children = (
				9CD4560F23A913DA00631DCA /* Preview Assets.xcassets */,
			);
			path = "Preview Content";
			sourceTree = "<group>";
		};
		9CECA71123AEA06400CD2CB9 /* RandomScale */ = {
			isa = PBXGroup;
			children = (
				9CECA71423AEA6EF00CD2CB9 /* ScaleDisplayView.swift */,
				9C3950CB23B69F7600595DAC /* RandomArpeggioView.swift */,
			);
			path = RandomScale;
			sourceTree = "<group>";
		};
		DD64CA69252A3C0600284B28 /* Frameworks */ = {
			isa = PBXGroup;
			children = (
				DD64CA6C252A3C0600284B28 /* SwiftUI.framework */,
			);
			name = Frameworks;
			sourceTree = "<group>";
		};
/* End PBXGroup section */

/* Begin PBXNativeTarget section */
		9CD4560223A913D400631DCA /* ScalePractice */ = {
			isa = PBXNativeTarget;
			buildConfigurationList = 9CD4562D23A913DA00631DCA /* Build configuration list for PBXNativeTarget "ScalePractice" */;
			buildPhases = (
				9CD455FF23A913D400631DCA /* Sources */,
				9CD4560023A913D400631DCA /* Frameworks */,
				9CD4560123A913D400631DCA /* Resources */,
				DD64CA7D252A3C0B00284B28 /* Embed App Extensions */,
			);
			buildRules = (
			);
			dependencies = (
			);
			name = ScalePractice;
			productName = ScalePractice;
			productReference = 9CD4560323A913D400631DCA /* Scale Practice.app */;
			productType = "com.apple.product-type.application";
		};
/* End PBXNativeTarget section */

/* Begin PBXProject section */
		9CD455FB23A913D400631DCA /* Project object */ = {
			isa = PBXProject;
			attributes = {
				LastSwiftUpdateCheck = 1200;
				LastUpgradeCheck = 1200;
				ORGANIZATIONNAME = "Alex Burdiss";
				TargetAttributes = {
					9CD4560223A913D400631DCA = {
						CreatedOnToolsVersion = 11.3;
					};
				};
			};
			buildConfigurationList = 9CD455FE23A913D400631DCA /* Build configuration list for PBXProject "ScalePractice" */;
			compatibilityVersion = "Xcode 9.3";
			developmentRegion = en;
			hasScannedForEncodings = 0;
			knownRegions = (
				en,
				"zh-Hans",
				fr,
				Base,
			);
			mainGroup = 9CD455FA23A913D400631DCA;
			productRefGroup = 9CD4560423A913D400631DCA /* Products */;
			projectDirPath = "";
			projectRoot = "";
			targets = (
				9CD4560223A913D400631DCA /* ScalePractice */,
			);
		};
/* End PBXProject section */

/* Begin PBXResourcesBuildPhase section */
		9CD4560123A913D400631DCA /* Resources */ = {
			isa = PBXResourcesBuildPhase;
			buildActionMask = 2147483647;
			files = (
				9C651AC523D4331A00EF78ED /* Localizable.strings in Resources */,
				9CD4561323A913DA00631DCA /* LaunchScreen.storyboard in Resources */,
				9CD4561023A913DA00631DCA /* Preview Assets.xcassets in Resources */,
				9CD4560D23A913DA00631DCA /* Assets.xcassets in Resources */,
				DD64CA5B252A330E00284B28 /* InfoPlist.strings in Resources */,
			);
			runOnlyForDeploymentPostprocessing = 0;
		};
/* End PBXResourcesBuildPhase section */

/* Begin PBXSourcesBuildPhase section */
		9CD455FF23A913D400631DCA /* Sources */ = {
			isa = PBXSourcesBuildPhase;
			buildActionMask = 2147483647;
			files = (
				9CECA71523AEA6EF00CD2CB9 /* ScaleDisplayView.swift in Sources */,
				9CB06A9623D0C9C000EB0969 /* ScaleInfoView.swift in Sources */,
				9C3950C423B6957000595DAC /* ScaleResourceView.swift in Sources */,
				9C6430C123D4F2070048748A /* AdvancedArpeggioPracticeView.swift in Sources */,
				9CD4560723A913D400631DCA /* AppDelegate.swift in Sources */,
				9C3950C823B695F500595DAC /* AdvancedScalePracticeView.swift in Sources */,
				9C3950C623B6958300595DAC /* RootTabView.swift in Sources */,
				9C3950CC23B69F7600595DAC /* RandomArpeggioView.swift in Sources */,
				9C3950CA23B6960D00595DAC /* SettingsView.swift in Sources */,
				9C3B5D3E23D0241300C1B247 /* ScaleResourceModel.swift in Sources */,
				9C9FC1FD23D5173300493D37 /* ContentView.swift in Sources */,
				9CD4560923A913D400631DCA /* SceneDelegate.swift in Sources */,
				9C6430C323D4FFF10048748A /* ArpeggioResourceView.swift in Sources */,
			);
			runOnlyForDeploymentPostprocessing = 0;
		};
/* End PBXSourcesBuildPhase section */

/* Begin PBXVariantGroup section */
		9C651AC723D4331A00EF78ED /* Localizable.strings */ = {
			isa = PBXVariantGroup;
			children = (
				9C651AC623D4331A00EF78ED /* en */,
				9C651AC823D4333D00EF78ED /* zh-Hans */,
				9C74D9D3244E372D00D2AFD9 /* fr */,
			);
			name = Localizable.strings;
			sourceTree = SOURCE_ROOT;
		};
		9CD4561123A913DA00631DCA /* LaunchScreen.storyboard */ = {
			isa = PBXVariantGroup;
			children = (
				9C74D9D4244E3A8600D2AFD9 /* Base */,
			);
			name = LaunchScreen.storyboard;
			sourceTree = "<group>";
		};
		DD64CA5D252A330E00284B28 /* InfoPlist.strings */ = {
			isa = PBXVariantGroup;
			children = (
				DD64CA5C252A330E00284B28 /* en */,
				DD64CA5F252A331200284B28 /* zh-Hans */,
				DD64CA60252A331300284B28 /* fr */,
			);
			name = InfoPlist.strings;
			sourceTree = "<group>";
		};
/* End PBXVariantGroup section */

/* Begin XCBuildConfiguration section */
		9CD4562B23A913DA00631DCA /* Debug */ = {
			isa = XCBuildConfiguration;
			buildSettings = {
				ALWAYS_SEARCH_USER_PATHS = NO;
				CLANG_ANALYZER_LOCALIZABILITY_NONLOCALIZED = YES;
				CLANG_ANALYZER_NONNULL = YES;
				CLANG_ANALYZER_NUMBER_OBJECT_CONVERSION = YES_AGGRESSIVE;
				CLANG_CXX_LANGUAGE_STANDARD = "gnu++14";
				CLANG_CXX_LIBRARY = "libc++";
				CLANG_ENABLE_MODULES = YES;
				CLANG_ENABLE_OBJC_ARC = YES;
				CLANG_ENABLE_OBJC_WEAK = YES;
				CLANG_WARN_BLOCK_CAPTURE_AUTORELEASING = YES;
				CLANG_WARN_BOOL_CONVERSION = YES;
				CLANG_WARN_COMMA = YES;
				CLANG_WARN_CONSTANT_CONVERSION = YES;
				CLANG_WARN_DEPRECATED_OBJC_IMPLEMENTATIONS = YES;
				CLANG_WARN_DIRECT_OBJC_ISA_USAGE = YES_ERROR;
				CLANG_WARN_DOCUMENTATION_COMMENTS = YES;
				CLANG_WARN_EMPTY_BODY = YES;
				CLANG_WARN_ENUM_CONVERSION = YES;
				CLANG_WARN_INFINITE_RECURSION = YES;
				CLANG_WARN_INT_CONVERSION = YES;
				CLANG_WARN_NON_LITERAL_NULL_CONVERSION = YES;
				CLANG_WARN_OBJC_IMPLICIT_RETAIN_SELF = YES;
				CLANG_WARN_OBJC_LITERAL_CONVERSION = YES;
				CLANG_WARN_OBJC_ROOT_CLASS = YES_ERROR;
				CLANG_WARN_QUOTED_INCLUDE_IN_FRAMEWORK_HEADER = YES;
				CLANG_WARN_RANGE_LOOP_ANALYSIS = YES;
				CLANG_WARN_STRICT_PROTOTYPES = YES;
				CLANG_WARN_SUSPICIOUS_MOVE = YES;
				CLANG_WARN_UNGUARDED_AVAILABILITY = YES_AGGRESSIVE;
				CLANG_WARN_UNREACHABLE_CODE = YES;
				CLANG_WARN__DUPLICATE_METHOD_MATCH = YES;
				COPY_PHASE_STRIP = NO;
				DEBUG_INFORMATION_FORMAT = dwarf;
				ENABLE_STRICT_OBJC_MSGSEND = YES;
				ENABLE_TESTABILITY = YES;
				GCC_C_LANGUAGE_STANDARD = gnu11;
				GCC_DYNAMIC_NO_PIC = NO;
				GCC_NO_COMMON_BLOCKS = YES;
				GCC_OPTIMIZATION_LEVEL = 0;
				GCC_PREPROCESSOR_DEFINITIONS = (
					"DEBUG=1",
					"$(inherited)",
				);
				GCC_WARN_64_TO_32_BIT_CONVERSION = YES;
				GCC_WARN_ABOUT_RETURN_TYPE = YES_ERROR;
				GCC_WARN_UNDECLARED_SELECTOR = YES;
				GCC_WARN_UNINITIALIZED_AUTOS = YES_AGGRESSIVE;
				GCC_WARN_UNUSED_FUNCTION = YES;
				GCC_WARN_UNUSED_VARIABLE = YES;
				IPHONEOS_DEPLOYMENT_TARGET = 14.0;
				MTL_ENABLE_DEBUG_INFO = INCLUDE_SOURCE;
				MTL_FAST_MATH = YES;
				ONLY_ACTIVE_ARCH = YES;
				SDKROOT = iphoneos;
				SWIFT_ACTIVE_COMPILATION_CONDITIONS = DEBUG;
				SWIFT_OPTIMIZATION_LEVEL = "-Onone";
				SWIFT_VERSION = 5.0;
			};
			name = Debug;
		};
		9CD4562C23A913DA00631DCA /* Release */ = {
			isa = XCBuildConfiguration;
			buildSettings = {
				ALWAYS_SEARCH_USER_PATHS = NO;
				CLANG_ANALYZER_LOCALIZABILITY_NONLOCALIZED = YES;
				CLANG_ANALYZER_NONNULL = YES;
				CLANG_ANALYZER_NUMBER_OBJECT_CONVERSION = YES_AGGRESSIVE;
				CLANG_CXX_LANGUAGE_STANDARD = "gnu++14";
				CLANG_CXX_LIBRARY = "libc++";
				CLANG_ENABLE_MODULES = YES;
				CLANG_ENABLE_OBJC_ARC = YES;
				CLANG_ENABLE_OBJC_WEAK = YES;
				CLANG_WARN_BLOCK_CAPTURE_AUTORELEASING = YES;
				CLANG_WARN_BOOL_CONVERSION = YES;
				CLANG_WARN_COMMA = YES;
				CLANG_WARN_CONSTANT_CONVERSION = YES;
				CLANG_WARN_DEPRECATED_OBJC_IMPLEMENTATIONS = YES;
				CLANG_WARN_DIRECT_OBJC_ISA_USAGE = YES_ERROR;
				CLANG_WARN_DOCUMENTATION_COMMENTS = YES;
				CLANG_WARN_EMPTY_BODY = YES;
				CLANG_WARN_ENUM_CONVERSION = YES;
				CLANG_WARN_INFINITE_RECURSION = YES;
				CLANG_WARN_INT_CONVERSION = YES;
				CLANG_WARN_NON_LITERAL_NULL_CONVERSION = YES;
				CLANG_WARN_OBJC_IMPLICIT_RETAIN_SELF = YES;
				CLANG_WARN_OBJC_LITERAL_CONVERSION = YES;
				CLANG_WARN_OBJC_ROOT_CLASS = YES_ERROR;
				CLANG_WARN_QUOTED_INCLUDE_IN_FRAMEWORK_HEADER = YES;
				CLANG_WARN_RANGE_LOOP_ANALYSIS = YES;
				CLANG_WARN_STRICT_PROTOTYPES = YES;
				CLANG_WARN_SUSPICIOUS_MOVE = YES;
				CLANG_WARN_UNGUARDED_AVAILABILITY = YES_AGGRESSIVE;
				CLANG_WARN_UNREACHABLE_CODE = YES;
				CLANG_WARN__DUPLICATE_METHOD_MATCH = YES;
				COPY_PHASE_STRIP = NO;
				DEBUG_INFORMATION_FORMAT = "dwarf-with-dsym";
				ENABLE_NS_ASSERTIONS = NO;
				ENABLE_STRICT_OBJC_MSGSEND = YES;
				GCC_C_LANGUAGE_STANDARD = gnu11;
				GCC_NO_COMMON_BLOCKS = YES;
				GCC_WARN_64_TO_32_BIT_CONVERSION = YES;
				GCC_WARN_ABOUT_RETURN_TYPE = YES_ERROR;
				GCC_WARN_UNDECLARED_SELECTOR = YES;
				GCC_WARN_UNINITIALIZED_AUTOS = YES_AGGRESSIVE;
				GCC_WARN_UNUSED_FUNCTION = YES;
				GCC_WARN_UNUSED_VARIABLE = YES;
				IPHONEOS_DEPLOYMENT_TARGET = 14.0;
				MTL_ENABLE_DEBUG_INFO = NO;
				MTL_FAST_MATH = YES;
				SDKROOT = iphoneos;
				SWIFT_COMPILATION_MODE = wholemodule;
				SWIFT_OPTIMIZATION_LEVEL = "-O";
				SWIFT_VERSION = 5.0;
				VALIDATE_PRODUCT = YES;
			};
			name = Release;
		};
		9CD4562E23A913DA00631DCA /* Debug */ = {
			isa = XCBuildConfiguration;
			buildSettings = {
				ALWAYS_EMBED_SWIFT_STANDARD_LIBRARIES = YES;
				ASSETCATALOG_COMPILER_APPICON_NAME = AppIcon;
				CODE_SIGN_STYLE = Automatic;
				CURRENT_PROJECT_VERSION = 1.3.0;
				DEVELOPMENT_ASSET_PATHS = "\"ScalePractice/Preview Content\"";
				DEVELOPMENT_TEAM = L4SN53B3F6;
				ENABLE_PREVIEWS = YES;
				INFOPLIST_FILE = ScalePractice/Info.plist;
				LD_RUNPATH_SEARCH_PATHS = (
					"$(inherited)",
					"@executable_path/Frameworks",
				);
				MARKETING_VERSION = 1.3.0;
				PRODUCT_BUNDLE_IDENTIFIER = com.AlexanderBurdiss.ScalePractice;
				PRODUCT_NAME = "Scale Practice";
				SWIFT_VERSION = 5.0;
				TARGETED_DEVICE_FAMILY = "1,2";
			};
			name = Debug;
		};
		9CD4562F23A913DA00631DCA /* Release */ = {
			isa = XCBuildConfiguration;
			buildSettings = {
				ALWAYS_EMBED_SWIFT_STANDARD_LIBRARIES = YES;
				ASSETCATALOG_COMPILER_APPICON_NAME = AppIcon;
				CODE_SIGN_STYLE = Automatic;
				CURRENT_PROJECT_VERSION = 1.3.0;
				DEVELOPMENT_ASSET_PATHS = "\"ScalePractice/Preview Content\"";
				DEVELOPMENT_TEAM = L4SN53B3F6;
				ENABLE_PREVIEWS = YES;
				INFOPLIST_FILE = ScalePractice/Info.plist;
				LD_RUNPATH_SEARCH_PATHS = (
					"$(inherited)",
					"@executable_path/Frameworks",
				);
				MARKETING_VERSION = 1.3.0;
				PRODUCT_BUNDLE_IDENTIFIER = com.AlexanderBurdiss.ScalePractice;
				PRODUCT_NAME = "Scale Practice";
				SWIFT_VERSION = 5.0;
				TARGETED_DEVICE_FAMILY = "1,2";
			};
			name = Release;
		};
/* End XCBuildConfiguration section */

/* Begin XCConfigurationList section */
		9CD455FE23A913D400631DCA /* Build configuration list for PBXProject "ScalePractice" */ = {
			isa = XCConfigurationList;
			buildConfigurations = (
				9CD4562B23A913DA00631DCA /* Debug */,
				9CD4562C23A913DA00631DCA /* Release */,
			);
			defaultConfigurationIsVisible = 0;
			defaultConfigurationName = Release;
		};
		9CD4562D23A913DA00631DCA /* Build configuration list for PBXNativeTarget "ScalePractice" */ = {
			isa = XCConfigurationList;
			buildConfigurations = (
				9CD4562E23A913DA00631DCA /* Debug */,
				9CD4562F23A913DA00631DCA /* Release */,
			);
			defaultConfigurationIsVisible = 0;
			defaultConfigurationName = Release;
		};
/* End XCConfigurationList section */
	};
	rootObject = 9CD455FB23A913D400631DCA /* Project object */;
}
